
Microsoft Visual Studio Solution File, Format Version 12.00
# Visual Studio Version 17
VisualStudioVersion = 17.8.34408.163
MinimumVisualStudioVersion = 10.0.40219.1
Project("{FAE04EC0-301F-11D3-BF4B-00C04F79EFBC}") = "WpfAppDb", "WpfAppDb\WpfAppDb.csproj", "{F74A6C1A-14F8-4F3F-8EB0-540B82D64FA2}"
EndProject
Global
	GlobalSection(SolutionConfigurationPlatforms) = preSolution
		Debug|Any CPU = Debug|Any CPU
		Release|Any CPU = Release|Any CPU
	EndGlobalSection
	GlobalSection(ProjectConfigurationPlatforms) = postSolution
		{F74A6C1A-14F8-4F3F-8EB0-540B82D64FA2}.Debug|Any CPU.ActiveCfg = Debug|Any CPU
		{F74A6C1A-14F8-4F3F-8EB0-540B82D64FA2}.Debug|Any CPU.Build.0 = Debug|Any CPU
		{F74A6C1A-14F8-4F3F-8EB0-540B82D64FA2}.Release|Any CPU.ActiveCfg = Release|Any CPU
		{F74A6C1A-14F8-4F3F-8EB0-540B82D64FA2}.Release|Any CPU.Build.0 = Release|Any CPU
	EndGlobalSection
	GlobalSection(SolutionProperties) = preSolution
		HideSolutionNode = FALSE
	EndGlobalSection
	GlobalSection(ExtensibilityGlobals) = postSolution
		SolutionGuid = {1079DD35-69E0-4B35-9BE8-E78CE5A90645}
	EndGlobalSection
EndGlobal
